
Microsoft Visual Studio Solution File, Format Version 11.00
# Visual Studio 2010
Project("{FAE04EC0-301F-11D3-BF4B-00C04F79EFBC}") = "PGtkHolaMundo", "PGtkHolaMundo\PGtkHolaMundo.csproj", "{92ABDF0D-1BB0-4A58-B7B3-AEA9D542FEBF}"
EndProject
Global
	GlobalSection(SolutionConfigurationPlatforms) = preSolution
		Debug|x86 = Debug|x86
		Release|x86 = Release|x86
	EndGlobalSection
	GlobalSection(ProjectConfigurationPlatforms) = postSolution
		{92ABDF0D-1BB0-4A58-B7B3-AEA9D542FEBF}.Debug|x86.ActiveCfg = Debug|x86
		{92ABDF0D-1BB0-4A58-B7B3-AEA9D542FEBF}.Debug|x86.Build.0 = Debug|x86
		{92ABDF0D-1BB0-4A58-B7B3-AEA9D542FEBF}.Release|x86.ActiveCfg = Release|x86
		{92ABDF0D-1BB0-4A58-B7B3-AEA9D542FEBF}.Release|x86.Build.0 = Release|x86
	EndGlobalSection
	GlobalSection(MonoDevelopProperties) = preSolution
		StartupItem = PGtkHolaMundo\PGtkHolaMundo.csproj
	EndGlobalSection
EndGlobal
